
Microsoft Visual Studio Solution File, Format Version 12.00
# Visual Studio Version 17
VisualStudioVersion = 17.11.35431.28
MinimumVisualStudioVersion = 10.0.40219.1
Project("{FAE04EC0-301F-11D3-BF4B-00C04F79EFBC}") = "Programa01_01", "Programa01_01\Programa01_01.csproj", "{6780AAD3-765A-4E64-B75D-5D109767E5AD}"
EndProject
Project("{FAE04EC0-301F-11D3-BF4B-00C04F79EFBC}") = "Programa01_02", "Programa01_02\Programa01_02.csproj", "{516A8E12-8D8E-43FE-B71B-CC4CAD4C77FB}"
EndProject
Global
	GlobalSection(SolutionConfigurationPlatforms) = preSolution
		Debug|Any CPU = Debug|Any CPU
		Release|Any CPU = Release|Any CPU
	EndGlobalSection
	GlobalSection(ProjectConfigurationPlatforms) = postSolution
		{6780AAD3-765A-4E64-B75D-5D109767E5AD}.Debug|Any CPU.ActiveCfg = Debug|Any CPU
		{6780AAD3-765A-4E64-B75D-5D109767E5AD}.Debug|Any CPU.Build.0 = Debug|Any CPU
		{6780AAD3-765A-4E64-B75D-5D109767E5AD}.Release|Any CPU.ActiveCfg = Release|Any CPU
		{6780AAD3-765A-4E64-B75D-5D109767E5AD}.Release|Any CPU.Build.0 = Release|Any CPU
		{516A8E12-8D8E-43FE-B71B-CC4CAD4C77FB}.Debug|Any CPU.ActiveCfg = Debug|Any CPU
		{516A8E12-8D8E-43FE-B71B-CC4CAD4C77FB}.Debug|Any CPU.Build.0 = Debug|Any CPU
		{516A8E12-8D8E-43FE-B71B-CC4CAD4C77FB}.Release|Any CPU.ActiveCfg = Release|Any CPU
		{516A8E12-8D8E-43FE-B71B-CC4CAD4C77FB}.Release|Any CPU.Build.0 = Release|Any CPU
	EndGlobalSection
	GlobalSection(SolutionProperties) = preSolution
		HideSolutionNode = FALSE
	EndGlobalSection
	GlobalSection(ExtensibilityGlobals) = postSolution
		SolutionGuid = {62BA8F65-4375-419A-8372-18D4452C1848}
	EndGlobalSection
EndGlobal
